
Microsoft Visual Studio Solution File, Format Version 12.00
# Visual Studio Version 16
VisualStudioVersion = 16.0.31005.135
MinimumVisualStudioVersion = 10.0.40219.1
Project("{FAE04EC0-301F-11D3-BF4B-00C04F79EFBC}") = "Hastane", "Hastane\Hastane.csproj", "{2A4C31C5-8AD3-41DD-9671-38B301993C96}"
EndProject
Global
	GlobalSection(SolutionConfigurationPlatforms) = preSolution
		Debug|Any CPU = Debug|Any CPU
		Release|Any CPU = Release|Any CPU
	EndGlobalSection
	GlobalSection(ProjectConfigurationPlatforms) = postSolution
		{2A4C31C5-8AD3-41DD-9671-38B301993C96}.Debug|Any CPU.ActiveCfg = Debug|Any CPU
		{2A4C31C5-8AD3-41DD-9671-38B301993C96}.Debug|Any CPU.Build.0 = Debug|Any CPU
		{2A4C31C5-8AD3-41DD-9671-38B301993C96}.Release|Any CPU.ActiveCfg = Release|Any CPU
		{2A4C31C5-8AD3-41DD-9671-38B301993C96}.Release|Any CPU.Build.0 = Release|Any CPU
	EndGlobalSection
	GlobalSection(SolutionProperties) = preSolution
		HideSolutionNode = FALSE
	EndGlobalSection
	GlobalSection(ExtensibilityGlobals) = postSolution
		SolutionGuid = {B549AB73-2071-433B-9570-577D740B5061}
	EndGlobalSection
EndGlobal
